// !$*UTF8*$!
{
	archiveVersion = 1;
	classes = {
	};
	objectVersion = 50;
	objects = {

/* Begin PBXBuildFile section */
		13084AE322707FD700FA98C9 /* AppDelegate.swift in Sources */ = {isa = PBXBuildFile; fileRef = 13084AE222707FD700FA98C9 /* AppDelegate.swift */; };
		13084AE522707FD700FA98C9 /* TestingViewController.swift in Sources */ = {isa = PBXBuildFile; fileRef = 13084AE422707FD700FA98C9 /* TestingViewController.swift */; };
		13084AE822707FD700FA98C9 /* Main.storyboard in Resources */ = {isa = PBXBuildFile; fileRef = 13084AE622707FD700FA98C9 /* Main.storyboard */; };
		13084AEA22707FD900FA98C9 /* Assets.xcassets in Resources */ = {isa = PBXBuildFile; fileRef = 13084AE922707FD900FA98C9 /* Assets.xcassets */; };
		13084AED22707FD900FA98C9 /* LaunchScreen.storyboard in Resources */ = {isa = PBXBuildFile; fileRef = 13084AEB22707FD900FA98C9 /* LaunchScreen.storyboard */; };
		13084AF822707FD900FA98C9 /* TimeMangerTests.swift in Sources */ = {isa = PBXBuildFile; fileRef = 13084AF722707FD900FA98C9 /* TimeMangerTests.swift */; };
		136D9D13227D7C0100DC85C4 /* UnitTest.swift in Sources */ = {isa = PBXBuildFile; fileRef = 136D9D12227D7C0000DC85C4 /* UnitTest.swift */; };
		137146DC227A8DAB0022A104 /* TimeCheckerForUpdate.swift in Sources */ = {isa = PBXBuildFile; fileRef = 137146DB227A8DAB0022A104 /* TimeCheckerForUpdate.swift */; };
		13969E83227DBD1C0012CBB9 /* Extensions.swift in Sources */ = {isa = PBXBuildFile; fileRef = 13969E82227DBD1C0012CBB9 /* Extensions.swift */; };
		139736112272C793002B50F4 /* BackGroundTimer.swift in Sources */ = {isa = PBXBuildFile; fileRef = 139736102272C793002B50F4 /* BackGroundTimer.swift */; };
		139F518E2276946200DF5F85 /* HabitDataModel.swift in Sources */ = {isa = PBXBuildFile; fileRef = 139F518D2276946200DF5F85 /* HabitDataModel.swift */; };
		139F51902276A00900DF5F85 /* HabitModel.swift in Sources */ = {isa = PBXBuildFile; fileRef = 139F518F2276A00900DF5F85 /* HabitModel.swift */; };
		139FA91122801DB200F657B9 /* CardView.swift in Sources */ = {isa = PBXBuildFile; fileRef = 139FA91022801DB200F657B9 /* CardView.swift */; };
		139FA91422801F4400F657B9 /* Constants.swift in Sources */ = {isa = PBXBuildFile; fileRef = 139FA91322801F4400F657B9 /* Constants.swift */; };
		13AC386F228252F400E0E65C /* HabitDataTableViewCell.swift in Sources */ = {isa = PBXBuildFile; fileRef = 13AC386E228252F400E0E65C /* HabitDataTableViewCell.swift */; };
		13AC38712282531400E0E65C /* TitleTableViewCell.swift in Sources */ = {isa = PBXBuildFile; fileRef = 13AC38702282531400E0E65C /* TitleTableViewCell.swift */; };
		13AC38822282F47700E0E65C /* SPAlertView.swift in Sources */ = {isa = PBXBuildFile; fileRef = 13AC387B2282F47700E0E65C /* SPAlertView.swift */; };
		13AC38832282F47700E0E65C /* SPAlertPreset.swift in Sources */ = {isa = PBXBuildFile; fileRef = 13AC387C2282F47700E0E65C /* SPAlertPreset.swift */; };
		13AC38842282F47700E0E65C /* SPAlertIconHeartView.swift in Sources */ = {isa = PBXBuildFile; fileRef = 13AC387E2282F47700E0E65C /* SPAlertIconHeartView.swift */; };
		13AC38852282F47700E0E65C /* SPAlertIconDoneView.swift in Sources */ = {isa = PBXBuildFile; fileRef = 13AC387F2282F47700E0E65C /* SPAlertIconDoneView.swift */; };
		13AC38862282F47700E0E65C /* SPAlertHaptic.swift in Sources */ = {isa = PBXBuildFile; fileRef = 13AC38802282F47700E0E65C /* SPAlertHaptic.swift */; };
		13AC38872282F47700E0E65C /* SPAlert.swift in Sources */ = {isa = PBXBuildFile; fileRef = 13AC38812282F47700E0E65C /* SPAlert.swift */; };
		13D6BA502287E9150018AEDF /* Pods_TimeManger_TimeMangerTests.framework in Frameworks */ = {isa = PBXBuildFile; fileRef = 13D6BA4F2287E9150018AEDF /* Pods_TimeManger_TimeMangerTests.framework */; };
		13DC72EE227BDC860078C04B /* MainTabBarController.swift in Sources */ = {isa = PBXBuildFile; fileRef = 13DC72ED227BDC850078C04B /* MainTabBarController.swift */; };
		13DC72F0227BDDD50078C04B /* TodaysTaskViewController.swift in Sources */ = {isa = PBXBuildFile; fileRef = 13DC72EF227BDDD50078C04B /* TodaysTaskViewController.swift */; };
		13DC72F2227BDE030078C04B /* HabitDataViewController.swift in Sources */ = {isa = PBXBuildFile; fileRef = 13DC72F1227BDE030078C04B /* HabitDataViewController.swift */; };
		13DC72F4227BDE100078C04B /* SettingsViewController.swift in Sources */ = {isa = PBXBuildFile; fileRef = 13DC72F3227BDE100078C04B /* SettingsViewController.swift */; };
		13DC72F6227BE76A0078C04B /* ExcuteHabitViewController.swift in Sources */ = {isa = PBXBuildFile; fileRef = 13DC72F5227BE76A0078C04B /* ExcuteHabitViewController.swift */; };
		13DC72F8227BE7850078C04B /* AddNewHabitViewController.swift in Sources */ = {isa = PBXBuildFile; fileRef = 13DC72F7227BE7850078C04B /* AddNewHabitViewController.swift */; };
		13DC72FB227BEDD20078C04B /* HabitDetailViewController.swift in Sources */ = {isa = PBXBuildFile; fileRef = 13DC72FA227BEDD20078C04B /* HabitDetailViewController.swift */; };
		29CA79623D4D5BB544F49287 /* Pods_TimeManger.framework in Frameworks */ = {isa = PBXBuildFile; fileRef = 346A6DE7ADDA254E404A16E9 /* Pods_TimeManger.framework */; };
		BB52C5523E5E0CDA1C87165F /* Pods_TimeMangerTests.framework in Frameworks */ = {isa = PBXBuildFile; fileRef = 841BF4D75360084186ABCC25 /* Pods_TimeMangerTests.framework */; };
		BC0D5C08A66083B9A5EF1A10 /* Pods_TimeManger_TimeMangerTests.framework in Frameworks */ = {isa = PBXBuildFile; fileRef = B7D0DBBBF9BB4A2F03201ABE /* Pods_TimeManger_TimeMangerTests.framework */; };
/* End PBXBuildFile section */

/* Begin PBXContainerItemProxy section */
		13084AF422707FD900FA98C9 /* PBXContainerItemProxy */ = {
			isa = PBXContainerItemProxy;
			containerPortal = 13084AD722707FD700FA98C9 /* Project object */;
			proxyType = 1;
			remoteGlobalIDString = 13084ADE22707FD700FA98C9;
			remoteInfo = TimeManger;
		};
/* End PBXContainerItemProxy section */

/* Begin PBXFileReference section */
		0846174E6C66F1DF9188A4CB /* Pods-TimeManger-TimeMangerTests.debug.xcconfig */ = {isa = PBXFileReference; includeInIndex = 1; lastKnownFileType = text.xcconfig; name = "Pods-TimeManger-TimeMangerTests.debug.xcconfig"; path = "Pods/Target Support Files/Pods-TimeManger-TimeMangerTests/Pods-TimeManger-TimeMangerTests.debug.xcconfig"; sourceTree = "<group>"; };
		0E5C731491E2B1DA67F04DEC /* Pods-TimeManger.release.xcconfig */ = {isa = PBXFileReference; includeInIndex = 1; lastKnownFileType = text.xcconfig; name = "Pods-TimeManger.release.xcconfig"; path = "Pods/Target Support Files/Pods-TimeManger/Pods-TimeManger.release.xcconfig"; sourceTree = "<group>"; };
		13084ADF22707FD700FA98C9 /* TimeManger.app */ = {isa = PBXFileReference; explicitFileType = wrapper.application; includeInIndex = 0; path = TimeManger.app; sourceTree = BUILT_PRODUCTS_DIR; };
		13084AE222707FD700FA98C9 /* AppDelegate.swift */ = {isa = PBXFileReference; lastKnownFileType = sourcecode.swift; path = AppDelegate.swift; sourceTree = "<group>"; };
		13084AE422707FD700FA98C9 /* TestingViewController.swift */ = {isa = PBXFileReference; lastKnownFileType = sourcecode.swift; path = TestingViewController.swift; sourceTree = "<group>"; };
		13084AE722707FD700FA98C9 /* Base */ = {isa = PBXFileReference; lastKnownFileType = file.storyboard; name = Base; path = Base.lproj/Main.storyboard; sourceTree = "<group>"; };
		13084AE922707FD900FA98C9 /* Assets.xcassets */ = {isa = PBXFileReference; lastKnownFileType = folder.assetcatalog; path = Assets.xcassets; sourceTree = "<group>"; };
		13084AEC22707FD900FA98C9 /* Base */ = {isa = PBXFileReference; lastKnownFileType = file.storyboard; name = Base; path = Base.lproj/LaunchScreen.storyboard; sourceTree = "<group>"; };
		13084AEE22707FD900FA98C9 /* Info.plist */ = {isa = PBXFileReference; lastKnownFileType = text.plist.xml; path = Info.plist; sourceTree = "<group>"; };
		13084AF322707FD900FA98C9 /* TimeMangerTests.xctest */ = {isa = PBXFileReference; explicitFileType = wrapper.cfbundle; includeInIndex = 0; path = TimeMangerTests.xctest; sourceTree = BUILT_PRODUCTS_DIR; };
		13084AF722707FD900FA98C9 /* TimeMangerTests.swift */ = {isa = PBXFileReference; lastKnownFileType = sourcecode.swift; path = TimeMangerTests.swift; sourceTree = "<group>"; };
		13084AF922707FD900FA98C9 /* Info.plist */ = {isa = PBXFileReference; lastKnownFileType = text.plist.xml; path = Info.plist; sourceTree = "<group>"; };
		136D9D12227D7C0000DC85C4 /* UnitTest.swift */ = {isa = PBXFileReference; lastKnownFileType = sourcecode.swift; path = UnitTest.swift; sourceTree = "<group>"; };
		137146DB227A8DAB0022A104 /* TimeCheckerForUpdate.swift */ = {isa = PBXFileReference; lastKnownFileType = sourcecode.swift; path = TimeCheckerForUpdate.swift; sourceTree = "<group>"; };
		1393A4F022845F5900BB7631 /* TimeManger.entitlements */ = {isa = PBXFileReference; lastKnownFileType = text.plist.entitlements; path = TimeManger.entitlements; sourceTree = "<group>"; };
		13969E82227DBD1C0012CBB9 /* Extensions.swift */ = {isa = PBXFileReference; lastKnownFileType = sourcecode.swift; path = Extensions.swift; sourceTree = "<group>"; };
		139736102272C793002B50F4 /* BackGroundTimer.swift */ = {isa = PBXFileReference; lastKnownFileType = sourcecode.swift; path = BackGroundTimer.swift; sourceTree = "<group>"; };
		139F518D2276946200DF5F85 /* HabitDataModel.swift */ = {isa = PBXFileReference; lastKnownFileType = sourcecode.swift; path = HabitDataModel.swift; sourceTree = "<group>"; };
		139F518F2276A00900DF5F85 /* HabitModel.swift */ = {isa = PBXFileReference; lastKnownFileType = sourcecode.swift; path = HabitModel.swift; sourceTree = "<group>"; };
		139FA91022801DB200F657B9 /* CardView.swift */ = {isa = PBXFileReference; lastKnownFileType = sourcecode.swift; path = CardView.swift; sourceTree = "<group>"; };
		139FA91322801F4400F657B9 /* Constants.swift */ = {isa = PBXFileReference; lastKnownFileType = sourcecode.swift; path = Constants.swift; sourceTree = "<group>"; };
		13AC386E228252F400E0E65C /* HabitDataTableViewCell.swift */ = {isa = PBXFileReference; lastKnownFileType = sourcecode.swift; path = HabitDataTableViewCell.swift; sourceTree = "<group>"; };
		13AC38702282531400E0E65C /* TitleTableViewCell.swift */ = {isa = PBXFileReference; lastKnownFileType = sourcecode.swift; path = TitleTableViewCell.swift; sourceTree = "<group>"; };
		13AC387B2282F47700E0E65C /* SPAlertView.swift */ = {isa = PBXFileReference; fileEncoding = 4; lastKnownFileType = sourcecode.swift; path = SPAlertView.swift; sourceTree = "<group>"; };
		13AC387C2282F47700E0E65C /* SPAlertPreset.swift */ = {isa = PBXFileReference; fileEncoding = 4; lastKnownFileType = sourcecode.swift; path = SPAlertPreset.swift; sourceTree = "<group>"; };
		13AC387E2282F47700E0E65C /* SPAlertIconHeartView.swift */ = {isa = PBXFileReference; fileEncoding = 4; lastKnownFileType = sourcecode.swift; path = SPAlertIconHeartView.swift; sourceTree = "<group>"; };
		13AC387F2282F47700E0E65C /* SPAlertIconDoneView.swift */ = {isa = PBXFileReference; fileEncoding = 4; lastKnownFileType = sourcecode.swift; path = SPAlertIconDoneView.swift; sourceTree = "<group>"; };
		13AC38802282F47700E0E65C /* SPAlertHaptic.swift */ = {isa = PBXFileReference; fileEncoding = 4; lastKnownFileType = sourcecode.swift; path = SPAlertHaptic.swift; sourceTree = "<group>"; };
		13AC38812282F47700E0E65C /* SPAlert.swift */ = {isa = PBXFileReference; fileEncoding = 4; lastKnownFileType = sourcecode.swift; path = SPAlert.swift; sourceTree = "<group>"; };
		13D6BA4F2287E9150018AEDF /* Pods_TimeManger_TimeMangerTests.framework */ = {isa = PBXFileReference; explicitFileType = wrapper.framework; path = Pods_TimeManger_TimeMangerTests.framework; sourceTree = BUILT_PRODUCTS_DIR; };
		13DC72ED227BDC850078C04B /* MainTabBarController.swift */ = {isa = PBXFileReference; lastKnownFileType = sourcecode.swift; path = MainTabBarController.swift; sourceTree = "<group>"; };
		13DC72EF227BDDD50078C04B /* TodaysTaskViewController.swift */ = {isa = PBXFileReference; lastKnownFileType = sourcecode.swift; path = TodaysTaskViewController.swift; sourceTree = "<group>"; };
		13DC72F1227BDE030078C04B /* HabitDataViewController.swift */ = {isa = PBXFileReference; lastKnownFileType = sourcecode.swift; path = HabitDataViewController.swift; sourceTree = "<group>"; };
		13DC72F3227BDE100078C04B /* SettingsViewController.swift */ = {isa = PBXFileReference; lastKnownFileType = sourcecode.swift; path = SettingsViewController.swift; sourceTree = "<group>"; };
		13DC72F5227BE76A0078C04B /* ExcuteHabitViewController.swift */ = {isa = PBXFileReference; lastKnownFileType = sourcecode.swift; path = ExcuteHabitViewController.swift; sourceTree = "<group>"; };
		13DC72F7227BE7850078C04B /* AddNewHabitViewController.swift */ = {isa = PBXFileReference; lastKnownFileType = sourcecode.swift; path = AddNewHabitViewController.swift; sourceTree = "<group>"; };
		13DC72FA227BEDD20078C04B /* HabitDetailViewController.swift */ = {isa = PBXFileReference; lastKnownFileType = sourcecode.swift; path = HabitDetailViewController.swift; sourceTree = "<group>"; };
		346A6DE7ADDA254E404A16E9 /* Pods_TimeManger.framework */ = {isa = PBXFileReference; explicitFileType = wrapper.framework; includeInIndex = 0; path = Pods_TimeManger.framework; sourceTree = BUILT_PRODUCTS_DIR; };
		524E6FD60EAC2FD95A775BDB /* Pods-TimeMangerTests.debug.xcconfig */ = {isa = PBXFileReference; includeInIndex = 1; lastKnownFileType = text.xcconfig; name = "Pods-TimeMangerTests.debug.xcconfig"; path = "Pods/Target Support Files/Pods-TimeMangerTests/Pods-TimeMangerTests.debug.xcconfig"; sourceTree = "<group>"; };
		841BF4D75360084186ABCC25 /* Pods_TimeMangerTests.framework */ = {isa = PBXFileReference; explicitFileType = wrapper.framework; includeInIndex = 0; path = Pods_TimeMangerTests.framework; sourceTree = BUILT_PRODUCTS_DIR; };
		9B0E0CE61418B02178067624 /* Pods-TimeMangerTests.release.xcconfig */ = {isa = PBXFileReference; includeInIndex = 1; lastKnownFileType = text.xcconfig; name = "Pods-TimeMangerTests.release.xcconfig"; path = "Pods/Target Support Files/Pods-TimeMangerTests/Pods-TimeMangerTests.release.xcconfig"; sourceTree = "<group>"; };
		B7D0DBBBF9BB4A2F03201ABE /* Pods_TimeManger_TimeMangerTests.framework */ = {isa = PBXFileReference; explicitFileType = wrapper.framework; includeInIndex = 0; path = Pods_TimeManger_TimeMangerTests.framework; sourceTree = BUILT_PRODUCTS_DIR; };
		D3EF325A8B6EA7C1072F2A97 /* Pods-TimeManger-TimeMangerTests.release.xcconfig */ = {isa = PBXFileReference; includeInIndex = 1; lastKnownFileType = text.xcconfig; name = "Pods-TimeManger-TimeMangerTests.release.xcconfig"; path = "Pods/Target Support Files/Pods-TimeManger-TimeMangerTests/Pods-TimeManger-TimeMangerTests.release.xcconfig"; sourceTree = "<group>"; };
		EF514E27727BCE33C56314B4 /* Pods-TimeManger.debug.xcconfig */ = {isa = PBXFileReference; includeInIndex = 1; lastKnownFileType = text.xcconfig; name = "Pods-TimeManger.debug.xcconfig"; path = "Pods/Target Support Files/Pods-TimeManger/Pods-TimeManger.debug.xcconfig"; sourceTree = "<group>"; };
/* End PBXFileReference section */

/* Begin PBXFrameworksBuildPhase section */
		13084ADC22707FD700FA98C9 /* Frameworks */ = {
			isa = PBXFrameworksBuildPhase;
			buildActionMask = 2147483647;
			files = (
				13D6BA502287E9150018AEDF /* Pods_TimeManger_TimeMangerTests.framework in Frameworks */,
				29CA79623D4D5BB544F49287 /* Pods_TimeManger.framework in Frameworks */,
			);
			runOnlyForDeploymentPostprocessing = 0;
		};
		13084AF022707FD900FA98C9 /* Frameworks */ = {
			isa = PBXFrameworksBuildPhase;
			buildActionMask = 2147483647;
			files = (
				BB52C5523E5E0CDA1C87165F /* Pods_TimeMangerTests.framework in Frameworks */,
				BC0D5C08A66083B9A5EF1A10 /* Pods_TimeManger_TimeMangerTests.framework in Frameworks */,
			);
			runOnlyForDeploymentPostprocessing = 0;
		};
/* End PBXFrameworksBuildPhase section */

/* Begin PBXGroup section */
		13084AD622707FD700FA98C9 = {
			isa = PBXGroup;
			children = (
				13084AE122707FD700FA98C9 /* TimeManger */,
				13084AF622707FD900FA98C9 /* TimeMangerTests */,
				13084AE022707FD700FA98C9 /* Products */,
				478588FFCA742B1C1A2A8736 /* Frameworks */,
				8F5C286B5A11AAE86E27F65B /* Pods */,
			);
			sourceTree = "<group>";
		};
		13084AE022707FD700FA98C9 /* Products */ = {
			isa = PBXGroup;
			children = (
				13084ADF22707FD700FA98C9 /* TimeManger.app */,
				13084AF322707FD900FA98C9 /* TimeMangerTests.xctest */,
			);
			name = Products;
			sourceTree = "<group>";
		};
		13084AE122707FD700FA98C9 /* TimeManger */ = {
			isa = PBXGroup;
			children = (
				1393A4F022845F5900BB7631 /* TimeManger.entitlements */,
				13084AE622707FD700FA98C9 /* Main.storyboard */,
				13DC72EC227BDC450078C04B /* ViewControllers */,
				139FA91222801DBD00F657B9 /* Views */,
				139F518C2276935000DF5F85 /* Models */,
				13084AEE22707FD900FA98C9 /* Info.plist */,
				134CE5762270930F00ECB5A6 /* supportFiles */,
				13AC38792282F47700E0E65C /* Source */,
			);
			path = TimeManger;
			sourceTree = "<group>";
		};
		13084AF622707FD900FA98C9 /* TimeMangerTests */ = {
			isa = PBXGroup;
			children = (
				136D9D12227D7C0000DC85C4 /* UnitTest.swift */,
				13084AF722707FD900FA98C9 /* TimeMangerTests.swift */,
				13084AF922707FD900FA98C9 /* Info.plist */,
			);
			path = TimeMangerTests;
			sourceTree = "<group>";
		};
		134CE5762270930F00ECB5A6 /* supportFiles */ = {
			isa = PBXGroup;
			children = (
				13084AE222707FD700FA98C9 /* AppDelegate.swift */,
				13084AE922707FD900FA98C9 /* Assets.xcassets */,
				13084AEB22707FD900FA98C9 /* LaunchScreen.storyboard */,
			);
			path = supportFiles;
			sourceTree = "<group>";
		};
		139F518C2276935000DF5F85 /* Models */ = {
			isa = PBXGroup;
			children = (
				139736102272C793002B50F4 /* BackGroundTimer.swift */,
				139F518D2276946200DF5F85 /* HabitDataModel.swift */,
				139F518F2276A00900DF5F85 /* HabitModel.swift */,
				137146DB227A8DAB0022A104 /* TimeCheckerForUpdate.swift */,
				13969E82227DBD1C0012CBB9 /* Extensions.swift */,
				139FA91322801F4400F657B9 /* Constants.swift */,
			);
			path = Models;
			sourceTree = "<group>";
		};
		139FA91222801DBD00F657B9 /* Views */ = {
			isa = PBXGroup;
			children = (
				139FA91022801DB200F657B9 /* CardView.swift */,
				13AC386E228252F400E0E65C /* HabitDataTableViewCell.swift */,
				13AC38702282531400E0E65C /* TitleTableViewCell.swift */,
			);
			path = Views;
			sourceTree = "<group>";
		};
		13AC38792282F47700E0E65C /* Source */ = {
			isa = PBXGroup;
			children = (
				13AC387A2282F47700E0E65C /* SPAlert */,
			);
			path = Source;
			sourceTree = "<group>";
		};
		13AC387A2282F47700E0E65C /* SPAlert */ = {
			isa = PBXGroup;
			children = (
				13AC387B2282F47700E0E65C /* SPAlertView.swift */,
				13AC387C2282F47700E0E65C /* SPAlertPreset.swift */,
				13AC387D2282F47700E0E65C /* Icons */,
				13AC38802282F47700E0E65C /* SPAlertHaptic.swift */,
				13AC38812282F47700E0E65C /* SPAlert.swift */,
			);
			path = SPAlert;
			sourceTree = "<group>";
		};
		13AC387D2282F47700E0E65C /* Icons */ = {
			isa = PBXGroup;
			children = (
				13AC387E2282F47700E0E65C /* SPAlertIconHeartView.swift */,
				13AC387F2282F47700E0E65C /* SPAlertIconDoneView.swift */,
			);
			path = Icons;
			sourceTree = "<group>";
		};
		13DC72EC227BDC450078C04B /* ViewControllers */ = {
			isa = PBXGroup;
			children = (
				13084AE422707FD700FA98C9 /* TestingViewController.swift */,
				13DC72ED227BDC850078C04B /* MainTabBarController.swift */,
				13DC72F9227BE7900078C04B /* TodaysHabit */,
				13DC72FC227BEE960078C04B /* HabitDetail */,
				13DC72F3227BDE100078C04B /* SettingsViewController.swift */,
			);
			path = ViewControllers;
			sourceTree = "<group>";
		};
		13DC72F9227BE7900078C04B /* TodaysHabit */ = {
			isa = PBXGroup;
			children = (
				13DC72EF227BDDD50078C04B /* TodaysTaskViewController.swift */,
				13DC72F7227BE7850078C04B /* AddNewHabitViewController.swift */,
				13DC72F5227BE76A0078C04B /* ExcuteHabitViewController.swift */,
			);
			path = TodaysHabit;
			sourceTree = "<group>";
		};
		13DC72FC227BEE960078C04B /* HabitDetail */ = {
			isa = PBXGroup;
			children = (
				13DC72F1227BDE030078C04B /* HabitDataViewController.swift */,
				13DC72FA227BEDD20078C04B /* HabitDetailViewController.swift */,
			);
			path = HabitDetail;
			sourceTree = "<group>";
		};
		478588FFCA742B1C1A2A8736 /* Frameworks */ = {
			isa = PBXGroup;
			children = (
				13D6BA4F2287E9150018AEDF /* Pods_TimeManger_TimeMangerTests.framework */,
				346A6DE7ADDA254E404A16E9 /* Pods_TimeManger.framework */,
				841BF4D75360084186ABCC25 /* Pods_TimeMangerTests.framework */,
				B7D0DBBBF9BB4A2F03201ABE /* Pods_TimeManger_TimeMangerTests.framework */,
			);
			name = Frameworks;
			sourceTree = "<group>";
		};
		8F5C286B5A11AAE86E27F65B /* Pods */ = {
			isa = PBXGroup;
			children = (
				EF514E27727BCE33C56314B4 /* Pods-TimeManger.debug.xcconfig */,
				0E5C731491E2B1DA67F04DEC /* Pods-TimeManger.release.xcconfig */,
				0846174E6C66F1DF9188A4CB /* Pods-TimeManger-TimeMangerTests.debug.xcconfig */,
				D3EF325A8B6EA7C1072F2A97 /* Pods-TimeManger-TimeMangerTests.release.xcconfig */,
				524E6FD60EAC2FD95A775BDB /* Pods-TimeMangerTests.debug.xcconfig */,
				9B0E0CE61418B02178067624 /* Pods-TimeMangerTests.release.xcconfig */,
			);
			name = Pods;
			sourceTree = "<group>";
		};
/* End PBXGroup section */

/* Begin PBXNativeTarget section */
		13084ADE22707FD700FA98C9 /* TimeManger */ = {
			isa = PBXNativeTarget;
			buildConfigurationList = 13084AFC22707FD900FA98C9 /* Build configuration list for PBXNativeTarget "TimeManger" */;
			buildPhases = (
				A079AE0C78A3330C12F664C1 /* [CP] Check Pods Manifest.lock */,
				13084ADB22707FD700FA98C9 /* Sources */,
				13084ADC22707FD700FA98C9 /* Frameworks */,
				13084ADD22707FD700FA98C9 /* Resources */,
			);
			buildRules = (
			);
			dependencies = (
			);
			name = TimeManger;
			productName = TimeManger;
			productReference = 13084ADF22707FD700FA98C9 /* TimeManger.app */;
			productType = "com.apple.product-type.application";
		};
		13084AF222707FD900FA98C9 /* TimeMangerTests */ = {
			isa = PBXNativeTarget;
			buildConfigurationList = 13084AFF22707FD900FA98C9 /* Build configuration list for PBXNativeTarget "TimeMangerTests" */;
			buildPhases = (
				1F1173A8025309BFA469F373 /* [CP] Check Pods Manifest.lock */,
				13084AEF22707FD900FA98C9 /* Sources */,
				13084AF022707FD900FA98C9 /* Frameworks */,
				13084AF122707FD900FA98C9 /* Resources */,
			);
			buildRules = (
			);
			dependencies = (
				13084AF522707FD900FA98C9 /* PBXTargetDependency */,
			);
			name = TimeMangerTests;
			productName = TimeMangerTests;
			productReference = 13084AF322707FD900FA98C9 /* TimeMangerTests.xctest */;
			productType = "com.apple.product-type.bundle.unit-test";
		};
/* End PBXNativeTarget section */

/* Begin PBXProject section */
		13084AD722707FD700FA98C9 /* Project object */ = {
			isa = PBXProject;
			attributes = {
				LastSwiftUpdateCheck = 1010;
				LastUpgradeCheck = 1010;
				ORGANIZATIONNAME = "冯奕琦";
				TargetAttributes = {
					13084ADE22707FD700FA98C9 = {
						CreatedOnToolsVersion = 10.1;
						SystemCapabilities = {
							com.apple.ApplicationGroups.iOS = {
								enabled = 1;
							};
							com.apple.BackgroundModes = {
								enabled = 0;
							};
						};
					};
					13084AF222707FD900FA98C9 = {
						CreatedOnToolsVersion = 10.1;
						TestTargetID = 13084ADE22707FD700FA98C9;
					};
				};
			};
			buildConfigurationList = 13084ADA22707FD700FA98C9 /* Build configuration list for PBXProject "TimeManger" */;
			compatibilityVersion = "Xcode 9.3";
			developmentRegion = en;
			hasScannedForEncodings = 0;
			knownRegions = (
				en,
				Base,
			);
			mainGroup = 13084AD622707FD700FA98C9;
			productRefGroup = 13084AE022707FD700FA98C9 /* Products */;
			projectDirPath = "";
			projectRoot = "";
			targets = (
				13084ADE22707FD700FA98C9 /* TimeManger */,
				13084AF222707FD900FA98C9 /* TimeMangerTests */,
			);
		};
/* End PBXProject section */

/* Begin PBXResourcesBuildPhase section */
		13084ADD22707FD700FA98C9 /* Resources */ = {
			isa = PBXResourcesBuildPhase;
			buildActionMask = 2147483647;
			files = (
				13084AED22707FD900FA98C9 /* LaunchScreen.storyboard in Resources */,
				13084AEA22707FD900FA98C9 /* Assets.xcassets in Resources */,
				13084AE822707FD700FA98C9 /* Main.storyboard in Resources */,
			);
			runOnlyForDeploymentPostprocessing = 0;
		};
		13084AF122707FD900FA98C9 /* Resources */ = {
			isa = PBXResourcesBuildPhase;
			buildActionMask = 2147483647;
			files = (
			);
			runOnlyForDeploymentPostprocessing = 0;
		};
/* End PBXResourcesBuildPhase section */

/* Begin PBXShellScriptBuildPhase section */
		1F1173A8025309BFA469F373 /* [CP] Check Pods Manifest.lock */ = {
			isa = PBXShellScriptBuildPhase;
			buildActionMask = 2147483647;
			files = (
			);
			inputPaths = (
				"${PODS_PODFILE_DIR_PATH}/Podfile.lock",
				"${PODS_ROOT}/Manifest.lock",
			);
			name = "[CP] Check Pods Manifest.lock";
			outputPaths = (
				"$(DERIVED_FILE_DIR)/Pods-TimeMangerTests-checkManifestLockResult.txt",
			);
			runOnlyForDeploymentPostprocessing = 0;
			shellPath = /bin/sh;
			shellScript = "diff \"${PODS_PODFILE_DIR_PATH}/Podfile.lock\" \"${PODS_ROOT}/Manifest.lock\" > /dev/null\nif [ $? != 0 ] ; then\n    # print error to STDERR\n    echo \"error: The sandbox is not in sync with the Podfile.lock. Run 'pod install' or update your CocoaPods installation.\" >&2\n    exit 1\nfi\n# This output is used by Xcode 'outputs' to avoid re-running this script phase.\necho \"SUCCESS\" > \"${SCRIPT_OUTPUT_FILE_0}\"\n";
			showEnvVarsInLog = 0;
		};
		A079AE0C78A3330C12F664C1 /* [CP] Check Pods Manifest.lock */ = {
			isa = PBXShellScriptBuildPhase;
			buildActionMask = 2147483647;
			files = (
			);
			inputPaths = (
				"${PODS_PODFILE_DIR_PATH}/Podfile.lock",
				"${PODS_ROOT}/Manifest.lock",
			);
			name = "[CP] Check Pods Manifest.lock";
			outputPaths = (
				"$(DERIVED_FILE_DIR)/Pods-TimeManger-checkManifestLockResult.txt",
			);
			runOnlyForDeploymentPostprocessing = 0;
			shellPath = /bin/sh;
			shellScript = "diff \"${PODS_PODFILE_DIR_PATH}/Podfile.lock\" \"${PODS_ROOT}/Manifest.lock\" > /dev/null\nif [ $? != 0 ] ; then\n    # print error to STDERR\n    echo \"error: The sandbox is not in sync with the Podfile.lock. Run 'pod install' or update your CocoaPods installation.\" >&2\n    exit 1\nfi\n# This output is used by Xcode 'outputs' to avoid re-running this script phase.\necho \"SUCCESS\" > \"${SCRIPT_OUTPUT_FILE_0}\"\n";
			showEnvVarsInLog = 0;
		};
/* End PBXShellScriptBuildPhase section */

/* Begin PBXSourcesBuildPhase section */
		13084ADB22707FD700FA98C9 /* Sources */ = {
			isa = PBXSourcesBuildPhase;
			buildActionMask = 2147483647;
			files = (
				13DC72F8227BE7850078C04B /* AddNewHabitViewController.swift in Sources */,
				139F51902276A00900DF5F85 /* HabitModel.swift in Sources */,
				13DC72F6227BE76A0078C04B /* ExcuteHabitViewController.swift in Sources */,
				13084AE522707FD700FA98C9 /* TestingViewController.swift in Sources */,
				139FA91122801DB200F657B9 /* CardView.swift in Sources */,
				139736112272C793002B50F4 /* BackGroundTimer.swift in Sources */,
				13DC72F4227BDE100078C04B /* SettingsViewController.swift in Sources */,
				139FA91422801F4400F657B9 /* Constants.swift in Sources */,
				13DC72F2227BDE030078C04B /* HabitDataViewController.swift in Sources */,
				13AC38852282F47700E0E65C /* SPAlertIconDoneView.swift in Sources */,
				13DC72EE227BDC860078C04B /* MainTabBarController.swift in Sources */,
				13AC386F228252F400E0E65C /* HabitDataTableViewCell.swift in Sources */,
				13AC38842282F47700E0E65C /* SPAlertIconHeartView.swift in Sources */,
				13DC72FB227BEDD20078C04B /* HabitDetailViewController.swift in Sources */,
				13AC38832282F47700E0E65C /* SPAlertPreset.swift in Sources */,
				137146DC227A8DAB0022A104 /* TimeCheckerForUpdate.swift in Sources */,
				139F518E2276946200DF5F85 /* HabitDataModel.swift in Sources */,
				13084AE322707FD700FA98C9 /* AppDelegate.swift in Sources */,
				13AC38822282F47700E0E65C /* SPAlertView.swift in Sources */,
				13AC38872282F47700E0E65C /* SPAlert.swift in Sources */,
				13DC72F0227BDDD50078C04B /* TodaysTaskViewController.swift in Sources */,
				13AC38862282F47700E0E65C /* SPAlertHaptic.swift in Sources */,
				13AC38712282531400E0E65C /* TitleTableViewCell.swift in Sources */,
				13969E83227DBD1C0012CBB9 /* Extensions.swift in Sources */,
			);
			runOnlyForDeploymentPostprocessing = 0;
		};
		13084AEF22707FD900FA98C9 /* Sources */ = {
			isa = PBXSourcesBuildPhase;
			buildActionMask = 2147483647;
			files = (
				13084AF822707FD900FA98C9 /* TimeMangerTests.swift in Sources */,
				136D9D13227D7C0100DC85C4 /* UnitTest.swift in Sources */,
			);
			runOnlyForDeploymentPostprocessing = 0;
		};
/* End PBXSourcesBuildPhase section */

/* Begin PBXTargetDependency section */
		13084AF522707FD900FA98C9 /* PBXTargetDependency */ = {
			isa = PBXTargetDependency;
			target = 13084ADE22707FD700FA98C9 /* TimeManger */;
			targetProxy = 13084AF422707FD900FA98C9 /* PBXContainerItemProxy */;
		};
/* End PBXTargetDependency section */

/* Begin PBXVariantGroup section */
		13084AE622707FD700FA98C9 /* Main.storyboard */ = {
			isa = PBXVariantGroup;
			children = (
				13084AE722707FD700FA98C9 /* Base */,
			);
			name = Main.storyboard;
			sourceTree = "<group>";
		};
		13084AEB22707FD900FA98C9 /* LaunchScreen.storyboard */ = {
			isa = PBXVariantGroup;
			children = (
				13084AEC22707FD900FA98C9 /* Base */,
			);
			name = LaunchScreen.storyboard;
			sourceTree = "<group>";
		};
/* End PBXVariantGroup section */

/* Begin XCBuildConfiguration section */
		13084AFA22707FD900FA98C9 /* Debug */ = {
			isa = XCBuildConfiguration;
			buildSettings = {
				ALWAYS_SEARCH_USER_PATHS = NO;
				CLANG_ANALYZER_NONNULL = YES;
				CLANG_ANALYZER_NUMBER_OBJECT_CONVERSION = YES_AGGRESSIVE;
				CLANG_CXX_LANGUAGE_STANDARD = "gnu++14";
				CLANG_CXX_LIBRARY = "libc++";
				CLANG_ENABLE_MODULES = YES;
				CLANG_ENABLE_OBJC_ARC = YES;
				CLANG_ENABLE_OBJC_WEAK = YES;
				CLANG_WARN_BLOCK_CAPTURE_AUTORELEASING = YES;
				CLANG_WARN_BOOL_CONVERSION = YES;
				CLANG_WARN_COMMA = YES;
				CLANG_WARN_CONSTANT_CONVERSION = YES;
				CLANG_WARN_DEPRECATED_OBJC_IMPLEMENTATIONS = YES;
				CLANG_WARN_DIRECT_OBJC_ISA_USAGE = YES_ERROR;
				CLANG_WARN_DOCUMENTATION_COMMENTS = YES;
				CLANG_WARN_EMPTY_BODY = YES;
				CLANG_WARN_ENUM_CONVERSION = YES;
				CLANG_WARN_INFINITE_RECURSION = YES;
				CLANG_WARN_INT_CONVERSION = YES;
				CLANG_WARN_NON_LITERAL_NULL_CONVERSION = YES;
				CLANG_WARN_OBJC_IMPLICIT_RETAIN_SELF = YES;
				CLANG_WARN_OBJC_LITERAL_CONVERSION = YES;
				CLANG_WARN_OBJC_ROOT_CLASS = YES_ERROR;
				CLANG_WARN_RANGE_LOOP_ANALYSIS = YES;
				CLANG_WARN_STRICT_PROTOTYPES = YES;
				CLANG_WARN_SUSPICIOUS_MOVE = YES;
				CLANG_WARN_UNGUARDED_AVAILABILITY = YES_AGGRESSIVE;
				CLANG_WARN_UNREACHABLE_CODE = YES;
				CLANG_WARN__DUPLICATE_METHOD_MATCH = YES;
				CODE_SIGN_IDENTITY = "iPhone Developer";
				COPY_PHASE_STRIP = NO;
				DEBUG_INFORMATION_FORMAT = dwarf;
				ENABLE_STRICT_OBJC_MSGSEND = YES;
				ENABLE_TESTABILITY = YES;
				GCC_C_LANGUAGE_STANDARD = gnu11;
				GCC_DYNAMIC_NO_PIC = NO;
				GCC_NO_COMMON_BLOCKS = YES;
				GCC_OPTIMIZATION_LEVEL = 0;
				GCC_PREPROCESSOR_DEFINITIONS = (
					"DEBUG=1",
					"$(inherited)",
				);
				GCC_WARN_64_TO_32_BIT_CONVERSION = YES;
				GCC_WARN_ABOUT_RETURN_TYPE = YES_ERROR;
				GCC_WARN_UNDECLARED_SELECTOR = YES;
				GCC_WARN_UNINITIALIZED_AUTOS = YES_AGGRESSIVE;
				GCC_WARN_UNUSED_FUNCTION = YES;
				GCC_WARN_UNUSED_VARIABLE = YES;
				IPHONEOS_DEPLOYMENT_TARGET = 12.1;
				MTL_ENABLE_DEBUG_INFO = INCLUDE_SOURCE;
				MTL_FAST_MATH = YES;
				ONLY_ACTIVE_ARCH = YES;
				SDKROOT = iphoneos;
				SWIFT_ACTIVE_COMPILATION_CONDITIONS = DEBUG;
				SWIFT_OPTIMIZATION_LEVEL = "-Onone";
			};
			name = Debug;
		};
		13084AFB22707FD900FA98C9 /* Release */ = {
			isa = XCBuildConfiguration;
			buildSettings = {
				ALWAYS_SEARCH_USER_PATHS = NO;
				CLANG_ANALYZER_NONNULL = YES;
				CLANG_ANALYZER_NUMBER_OBJECT_CONVERSION = YES_AGGRESSIVE;
				CLANG_CXX_LANGUAGE_STANDARD = "gnu++14";
				CLANG_CXX_LIBRARY = "libc++";
				CLANG_ENABLE_MODULES = YES;
				CLANG_ENABLE_OBJC_ARC = YES;
				CLANG_ENABLE_OBJC_WEAK = YES;
				CLANG_WARN_BLOCK_CAPTURE_AUTORELEASING = YES;
				CLANG_WARN_BOOL_CONVERSION = YES;
				CLANG_WARN_COMMA = YES;
				CLANG_WARN_CONSTANT_CONVERSION = YES;
				CLANG_WARN_DEPRECATED_OBJC_IMPLEMENTATIONS = YES;
				CLANG_WARN_DIRECT_OBJC_ISA_USAGE = YES_ERROR;
				CLANG_WARN_DOCUMENTATION_COMMENTS = YES;
				CLANG_WARN_EMPTY_BODY = YES;
				CLANG_WARN_ENUM_CONVERSION = YES;
				CLANG_WARN_INFINITE_RECURSION = YES;
				CLANG_WARN_INT_CONVERSION = YES;
				CLANG_WARN_NON_LITERAL_NULL_CONVERSION = YES;
				CLANG_WARN_OBJC_IMPLICIT_RETAIN_SELF = YES;
				CLANG_WARN_OBJC_LITERAL_CONVERSION = YES;
				CLANG_WARN_OBJC_ROOT_CLASS = YES_ERROR;
				CLANG_WARN_RANGE_LOOP_ANALYSIS = YES;
				CLANG_WARN_STRICT_PROTOTYPES = YES;
				CLANG_WARN_SUSPICIOUS_MOVE = YES;
				CLANG_WARN_UNGUARDED_AVAILABILITY = YES_AGGRESSIVE;
				CLANG_WARN_UNREACHABLE_CODE = YES;
				CLANG_WARN__DUPLICATE_METHOD_MATCH = YES;
				CODE_SIGN_IDENTITY = "iPhone Developer";
				COPY_PHASE_STRIP = NO;
				DEBUG_INFORMATION_FORMAT = "dwarf-with-dsym";
				ENABLE_NS_ASSERTIONS = NO;
				ENABLE_STRICT_OBJC_MSGSEND = YES;
				GCC_C_LANGUAGE_STANDARD = gnu11;
				GCC_NO_COMMON_BLOCKS = YES;
				GCC_WARN_64_TO_32_BIT_CONVERSION = YES;
				GCC_WARN_ABOUT_RETURN_TYPE = YES_ERROR;
				GCC_WARN_UNDECLARED_SELECTOR = YES;
				GCC_WARN_UNINITIALIZED_AUTOS = YES_AGGRESSIVE;
				GCC_WARN_UNUSED_FUNCTION = YES;
				GCC_WARN_UNUSED_VARIABLE = YES;
				IPHONEOS_DEPLOYMENT_TARGET = 12.1;
				MTL_ENABLE_DEBUG_INFO = NO;
				MTL_FAST_MATH = YES;
				SDKROOT = iphoneos;
				SWIFT_COMPILATION_MODE = wholemodule;
				SWIFT_OPTIMIZATION_LEVEL = "-O";
				VALIDATE_PRODUCT = YES;
			};
			name = Release;
		};
		13084AFD22707FD900FA98C9 /* Debug */ = {
			isa = XCBuildConfiguration;
			baseConfigurationReference = EF514E27727BCE33C56314B4 /* Pods-TimeManger.debug.xcconfig */;
			buildSettings = {
				ASSETCATALOG_COMPILER_APPICON_NAME = AppIcon;
				CODE_SIGN_ENTITLEMENTS = TimeManger/TimeManger.entitlements;
				CODE_SIGN_STYLE = Automatic;
				DEVELOPMENT_TEAM = K2D6DE8NGJ;
				INFOPLIST_FILE = TimeManger/Info.plist;
				IPHONEOS_DEPLOYMENT_TARGET = 12.0;
				LD_RUNPATH_SEARCH_PATHS = (
					"$(inherited)",
					"@executable_path/Frameworks",
				);
				PRODUCT_BUNDLE_IDENTIFIER = com.fengyiqi.newBundleApp;
				PRODUCT_NAME = "$(TARGET_NAME)";
				SWIFT_VERSION = 4.2;
				TARGETED_DEVICE_FAMILY = "1,2";
			};
			name = Debug;
		};
		13084AFE22707FD900FA98C9 /* Release */ = {
			isa = XCBuildConfiguration;
			baseConfigurationReference = 0E5C731491E2B1DA67F04DEC /* Pods-TimeManger.release.xcconfig */;
			buildSettings = {
				ASSETCATALOG_COMPILER_APPICON_NAME = AppIcon;
				CODE_SIGN_ENTITLEMENTS = TimeManger/TimeManger.entitlements;
				CODE_SIGN_STYLE = Automatic;
				DEVELOPMENT_TEAM = K2D6DE8NGJ;
				INFOPLIST_FILE = TimeManger/Info.plist;
				IPHONEOS_DEPLOYMENT_TARGET = 12.0;
				LD_RUNPATH_SEARCH_PATHS = (
					"$(inherited)",
					"@executable_path/Frameworks",
				);
				PRODUCT_BUNDLE_IDENTIFIER = com.fengyiqi.newBundleApp;
				PRODUCT_NAME = "$(TARGET_NAME)";
				SWIFT_VERSION = 4.2;
				TARGETED_DEVICE_FAMILY = "1,2";
			};
			name = Release;
		};
		13084B0022707FD900FA98C9 /* Debug */ = {
			isa = XCBuildConfiguration;
			baseConfigurationReference = 524E6FD60EAC2FD95A775BDB /* Pods-TimeMangerTests.debug.xcconfig */;
			buildSettings = {
				ALWAYS_EMBED_SWIFT_STANDARD_LIBRARIES = YES;
				BUNDLE_LOADER = "$(TEST_HOST)";
				CODE_SIGN_STYLE = Automatic;
				DEVELOPMENT_TEAM = K2D6DE8NGJ;
				INFOPLIST_FILE = TimeMangerTests/Info.plist;
				LD_RUNPATH_SEARCH_PATHS = (
					"$(inherited)",
					"@executable_path/Frameworks",
					"@loader_path/Frameworks",
				);
				PRODUCT_BUNDLE_IDENTIFIER = com.fengyiqi.TimeMangerTests;
				PRODUCT_NAME = "$(TARGET_NAME)";
				SWIFT_VERSION = 4.2;
				TARGETED_DEVICE_FAMILY = "1,2";
				TEST_HOST = "$(BUILT_PRODUCTS_DIR)/TimeManger.app/TimeManger";
			};
			name = Debug;
		};
		13084B0122707FD900FA98C9 /* Release */ = {
			isa = XCBuildConfiguration;
			baseConfigurationReference = 9B0E0CE61418B02178067624 /* Pods-TimeMangerTests.release.xcconfig */;
			buildSettings = {
				ALWAYS_EMBED_SWIFT_STANDARD_LIBRARIES = YES;
				BUNDLE_LOADER = "$(TEST_HOST)";
				CODE_SIGN_STYLE = Automatic;
				DEVELOPMENT_TEAM = K2D6DE8NGJ;
				INFOPLIST_FILE = TimeMangerTests/Info.plist;
				LD_RUNPATH_SEARCH_PATHS = (
					"$(inherited)",
					"@executable_path/Frameworks",
					"@loader_path/Frameworks",
				);
				PRODUCT_BUNDLE_IDENTIFIER = com.fengyiqi.TimeMangerTests;
				PRODUCT_NAME = "$(TARGET_NAME)";
				SWIFT_VERSION = 4.2;
				TARGETED_DEVICE_FAMILY = "1,2";
				TEST_HOST = "$(BUILT_PRODUCTS_DIR)/TimeManger.app/TimeManger";
			};
			name = Release;
		};
/* End XCBuildConfiguration section */

/* Begin XCConfigurationList section */
		13084ADA22707FD700FA98C9 /* Build configuration list for PBXProject "TimeManger" */ = {
			isa = XCConfigurationList;
			buildConfigurations = (
				13084AFA22707FD900FA98C9 /* Debug */,
				13084AFB22707FD900FA98C9 /* Release */,
			);
			defaultConfigurationIsVisible = 0;
			defaultConfigurationName = Release;
		};
		13084AFC22707FD900FA98C9 /* Build configuration list for PBXNativeTarget "TimeManger" */ = {
			isa = XCConfigurationList;
			buildConfigurations = (
				13084AFD22707FD900FA98C9 /* Debug */,
				13084AFE22707FD900FA98C9 /* Release */,
			);
			defaultConfigurationIsVisible = 0;
			defaultConfigurationName = Release;
		};
		13084AFF22707FD900FA98C9 /* Build configuration list for PBXNativeTarget "TimeMangerTests" */ = {
			isa = XCConfigurationList;
			buildConfigurations = (
				13084B0022707FD900FA98C9 /* Debug */,
				13084B0122707FD900FA98C9 /* Release */,
			);
			defaultConfigurationIsVisible = 0;
			defaultConfigurationName = Release;
		};
/* End XCConfigurationList section */
	};
	rootObject = 13084AD722707FD700FA98C9 /* Project object */;
}
