// !$*UTF8*$!
{
	archiveVersion = 1;
	classes = {
	};
	objectVersion = 50;
	objects = {

/* Begin PBXBuildFile section */
		13084AE322707FD700FA98C9 /* AppDelegate.swift in Sources */ = {isa = PBXBuildFile; fileRef = 13084AE222707FD700FA98C9 /* AppDelegate.swift */; };
		13084AE522707FD700FA98C9 /* ViewController.swift in Sources */ = {isa = PBXBuildFile; fileRef = 13084AE422707FD700FA98C9 /* ViewController.swift */; };
		13084AE822707FD700FA98C9 /* Main.storyboard in Resources */ = {isa = PBXBuildFile; fileRef = 13084AE622707FD700FA98C9 /* Main.storyboard */; };
		13084AEA22707FD900FA98C9 /* Assets.xcassets in Resources */ = {isa = PBXBuildFile; fileRef = 13084AE922707FD900FA98C9 /* Assets.xcassets */; };
		13084AED22707FD900FA98C9 /* LaunchScreen.storyboard in Resources */ = {isa = PBXBuildFile; fileRef = 13084AEB22707FD900FA98C9 /* LaunchScreen.storyboard */; };
		13084AF822707FD900FA98C9 /* TimeMangerTests.swift in Sources */ = {isa = PBXBuildFile; fileRef = 13084AF722707FD900FA98C9 /* TimeMangerTests.swift */; };
		137146DC227A8DAB0022A104 /* TimeCheckerForUpdate.swift in Sources */ = {isa = PBXBuildFile; fileRef = 137146DB227A8DAB0022A104 /* TimeCheckerForUpdate.swift */; };
		139736112272C793002B50F4 /* BackGroundTimer.swift in Sources */ = {isa = PBXBuildFile; fileRef = 139736102272C793002B50F4 /* BackGroundTimer.swift */; };
		139F518E2276946200DF5F85 /* HabitDataModel.swift in Sources */ = {isa = PBXBuildFile; fileRef = 139F518D2276946200DF5F85 /* HabitDataModel.swift */; };
		139F51902276A00900DF5F85 /* HabitModel.swift in Sources */ = {isa = PBXBuildFile; fileRef = 139F518F2276A00900DF5F85 /* HabitModel.swift */; };
		13BCD6A422714C4B00FC06CA /* 1.mp3 in Resources */ = {isa = PBXBuildFile; fileRef = 13BCD6A322714C4B00FC06CA /* 1.mp3 */; };
/* End PBXBuildFile section */

/* Begin PBXContainerItemProxy section */
		13084AF422707FD900FA98C9 /* PBXContainerItemProxy */ = {
			isa = PBXContainerItemProxy;
			containerPortal = 13084AD722707FD700FA98C9 /* Project object */;
			proxyType = 1;
			remoteGlobalIDString = 13084ADE22707FD700FA98C9;
			remoteInfo = TimeManger;
		};
/* End PBXContainerItemProxy section */

/* Begin PBXFileReference section */
		13084ADF22707FD700FA98C9 /* TimeManger.app */ = {isa = PBXFileReference; explicitFileType = wrapper.application; includeInIndex = 0; path = TimeManger.app; sourceTree = BUILT_PRODUCTS_DIR; };
		13084AE222707FD700FA98C9 /* AppDelegate.swift */ = {isa = PBXFileReference; lastKnownFileType = sourcecode.swift; path = AppDelegate.swift; sourceTree = "<group>"; };
		13084AE422707FD700FA98C9 /* ViewController.swift */ = {isa = PBXFileReference; lastKnownFileType = sourcecode.swift; path = ViewController.swift; sourceTree = "<group>"; };
		13084AE722707FD700FA98C9 /* Base */ = {isa = PBXFileReference; lastKnownFileType = file.storyboard; name = Base; path = Base.lproj/Main.storyboard; sourceTree = "<group>"; };
		13084AE922707FD900FA98C9 /* Assets.xcassets */ = {isa = PBXFileReference; lastKnownFileType = folder.assetcatalog; path = Assets.xcassets; sourceTree = "<group>"; };
		13084AEC22707FD900FA98C9 /* Base */ = {isa = PBXFileReference; lastKnownFileType = file.storyboard; name = Base; path = Base.lproj/LaunchScreen.storyboard; sourceTree = "<group>"; };
		13084AEE22707FD900FA98C9 /* Info.plist */ = {isa = PBXFileReference; lastKnownFileType = text.plist.xml; path = Info.plist; sourceTree = "<group>"; };
		13084AF322707FD900FA98C9 /* TimeMangerTests.xctest */ = {isa = PBXFileReference; explicitFileType = wrapper.cfbundle; includeInIndex = 0; path = TimeMangerTests.xctest; sourceTree = BUILT_PRODUCTS_DIR; };
		13084AF722707FD900FA98C9 /* TimeMangerTests.swift */ = {isa = PBXFileReference; lastKnownFileType = sourcecode.swift; path = TimeMangerTests.swift; sourceTree = "<group>"; };
		13084AF922707FD900FA98C9 /* Info.plist */ = {isa = PBXFileReference; lastKnownFileType = text.plist.xml; path = Info.plist; sourceTree = "<group>"; };
		137146DB227A8DAB0022A104 /* TimeCheckerForUpdate.swift */ = {isa = PBXFileReference; lastKnownFileType = sourcecode.swift; path = TimeCheckerForUpdate.swift; sourceTree = "<group>"; };
		139736102272C793002B50F4 /* BackGroundTimer.swift */ = {isa = PBXFileReference; lastKnownFileType = sourcecode.swift; path = BackGroundTimer.swift; sourceTree = "<group>"; };
		139F518D2276946200DF5F85 /* HabitDataModel.swift */ = {isa = PBXFileReference; lastKnownFileType = sourcecode.swift; path = HabitDataModel.swift; sourceTree = "<group>"; };
		139F518F2276A00900DF5F85 /* HabitModel.swift */ = {isa = PBXFileReference; lastKnownFileType = sourcecode.swift; path = HabitModel.swift; sourceTree = "<group>"; };
		13BCD6A322714C4B00FC06CA /* 1.mp3 */ = {isa = PBXFileReference; lastKnownFileType = audio.mp3; path = 1.mp3; sourceTree = "<group>"; };
/* End PBXFileReference section */

/* Begin PBXFrameworksBuildPhase section */
		13084ADC22707FD700FA98C9 /* Frameworks */ = {
			isa = PBXFrameworksBuildPhase;
			buildActionMask = 2147483647;
			files = (
			);
			runOnlyForDeploymentPostprocessing = 0;
		};
		13084AF022707FD900FA98C9 /* Frameworks */ = {
			isa = PBXFrameworksBuildPhase;
			buildActionMask = 2147483647;
			files = (
			);
			runOnlyForDeploymentPostprocessing = 0;
		};
/* End PBXFrameworksBuildPhase section */

/* Begin PBXGroup section */
		13084AD622707FD700FA98C9 = {
			isa = PBXGroup;
			children = (
				13084AE122707FD700FA98C9 /* TimeManger */,
				13084AF622707FD900FA98C9 /* TimeMangerTests */,
				13084AE022707FD700FA98C9 /* Products */,
			);
			sourceTree = "<group>";
		};
		13084AE022707FD700FA98C9 /* Products */ = {
			isa = PBXGroup;
			children = (
				13084ADF22707FD700FA98C9 /* TimeManger.app */,
				13084AF322707FD900FA98C9 /* TimeMangerTests.xctest */,
			);
			name = Products;
			sourceTree = "<group>";
		};
		13084AE122707FD700FA98C9 /* TimeManger */ = {
			isa = PBXGroup;
			children = (
				13084AE222707FD700FA98C9 /* AppDelegate.swift */,
				13084AE422707FD700FA98C9 /* ViewController.swift */,
				13084AE622707FD700FA98C9 /* Main.storyboard */,
				139F518C2276935000DF5F85 /* Models */,
				13084AEE22707FD900FA98C9 /* Info.plist */,
				134CE5762270930F00ECB5A6 /* supportFiles */,
			);
			path = TimeManger;
			sourceTree = "<group>";
		};
		13084AF622707FD900FA98C9 /* TimeMangerTests */ = {
			isa = PBXGroup;
			children = (
				13084AF722707FD900FA98C9 /* TimeMangerTests.swift */,
				13084AF922707FD900FA98C9 /* Info.plist */,
			);
			path = TimeMangerTests;
			sourceTree = "<group>";
		};
		134CE5762270930F00ECB5A6 /* supportFiles */ = {
			isa = PBXGroup;
			children = (
				13BCD6A322714C4B00FC06CA /* 1.mp3 */,
				13084AE922707FD900FA98C9 /* Assets.xcassets */,
				13084AEB22707FD900FA98C9 /* LaunchScreen.storyboard */,
			);
			path = supportFiles;
			sourceTree = "<group>";
		};
		139F518C2276935000DF5F85 /* Models */ = {
			isa = PBXGroup;
			children = (
				139736102272C793002B50F4 /* BackGroundTimer.swift */,
				139F518D2276946200DF5F85 /* HabitDataModel.swift */,
				139F518F2276A00900DF5F85 /* HabitModel.swift */,
				137146DB227A8DAB0022A104 /* TimeCheckerForUpdate.swift */,
			);
			path = Models;
			sourceTree = "<group>";
		};
/* End PBXGroup section */

/* Begin PBXNativeTarget section */
		13084ADE22707FD700FA98C9 /* TimeManger */ = {
			isa = PBXNativeTarget;
			buildConfigurationList = 13084AFC22707FD900FA98C9 /* Build configuration list for PBXNativeTarget "TimeManger" */;
			buildPhases = (
				13084ADB22707FD700FA98C9 /* Sources */,
				13084ADC22707FD700FA98C9 /* Frameworks */,
				13084ADD22707FD700FA98C9 /* Resources */,
			);
			buildRules = (
			);
			dependencies = (
			);
			name = TimeManger;
			productName = TimeManger;
			productReference = 13084ADF22707FD700FA98C9 /* TimeManger.app */;
			productType = "com.apple.product-type.application";
		};
		13084AF222707FD900FA98C9 /* TimeMangerTests */ = {
			isa = PBXNativeTarget;
			buildConfigurationList = 13084AFF22707FD900FA98C9 /* Build configuration list for PBXNativeTarget "TimeMangerTests" */;
			buildPhases = (
				13084AEF22707FD900FA98C9 /* Sources */,
				13084AF022707FD900FA98C9 /* Frameworks */,
				13084AF122707FD900FA98C9 /* Resources */,
			);
			buildRules = (
			);
			dependencies = (
				13084AF522707FD900FA98C9 /* PBXTargetDependency */,
			);
			name = TimeMangerTests;
			productName = TimeMangerTests;
			productReference = 13084AF322707FD900FA98C9 /* TimeMangerTests.xctest */;
			productType = "com.apple.product-type.bundle.unit-test";
		};
/* End PBXNativeTarget section */

/* Begin PBXProject section */
		13084AD722707FD700FA98C9 /* Project object */ = {
			isa = PBXProject;
			attributes = {
				LastSwiftUpdateCheck = 1010;
				LastUpgradeCheck = 1010;
				ORGANIZATIONNAME = "冯奕琦";
				TargetAttributes = {
					13084ADE22707FD700FA98C9 = {
						CreatedOnToolsVersion = 10.1;
						SystemCapabilities = {
							com.apple.BackgroundModes = {
								enabled = 0;
							};
						};
					};
					13084AF222707FD900FA98C9 = {
						CreatedOnToolsVersion = 10.1;
						TestTargetID = 13084ADE22707FD700FA98C9;
					};
				};
			};
			buildConfigurationList = 13084ADA22707FD700FA98C9 /* Build configuration list for PBXProject "TimeManger" */;
			compatibilityVersion = "Xcode 9.3";
			developmentRegion = en;
			hasScannedForEncodings = 0;
			knownRegions = (
				en,
				Base,
			);
			mainGroup = 13084AD622707FD700FA98C9;
			productRefGroup = 13084AE022707FD700FA98C9 /* Products */;
			projectDirPath = "";
			projectRoot = "";
			targets = (
				13084ADE22707FD700FA98C9 /* TimeManger */,
				13084AF222707FD900FA98C9 /* TimeMangerTests */,
			);
		};
/* End PBXProject section */

/* Begin PBXResourcesBuildPhase section */
		13084ADD22707FD700FA98C9 /* Resources */ = {
			isa = PBXResourcesBuildPhase;
			buildActionMask = 2147483647;
			files = (
				13084AED22707FD900FA98C9 /* LaunchScreen.storyboard in Resources */,
				13084AEA22707FD900FA98C9 /* Assets.xcassets in Resources */,
				13084AE822707FD700FA98C9 /* Main.storyboard in Resources */,
				13BCD6A422714C4B00FC06CA /* 1.mp3 in Resources */,
			);
			runOnlyForDeploymentPostprocessing = 0;
		};
		13084AF122707FD900FA98C9 /* Resources */ = {
			isa = PBXResourcesBuildPhase;
			buildActionMask = 2147483647;
			files = (
			);
			runOnlyForDeploymentPostprocessing = 0;
		};
/* End PBXResourcesBuildPhase section */

/* Begin PBXSourcesBuildPhase section */
		13084ADB22707FD700FA98C9 /* Sources */ = {
			isa = PBXSourcesBuildPhase;
			buildActionMask = 2147483647;
			files = (
				139F51902276A00900DF5F85 /* HabitModel.swift in Sources */,
				13084AE522707FD700FA98C9 /* ViewController.swift in Sources */,
				139736112272C793002B50F4 /* BackGroundTimer.swift in Sources */,
				137146DC227A8DAB0022A104 /* TimeCheckerForUpdate.swift in Sources */,
				139F518E2276946200DF5F85 /* HabitDataModel.swift in Sources */,
				13084AE322707FD700FA98C9 /* AppDelegate.swift in Sources */,
			);
			runOnlyForDeploymentPostprocessing = 0;
		};
		13084AEF22707FD900FA98C9 /* Sources */ = {
			isa = PBXSourcesBuildPhase;
			buildActionMask = 2147483647;
			files = (
				13084AF822707FD900FA98C9 /* TimeMangerTests.swift in Sources */,
			);
			runOnlyForDeploymentPostprocessing = 0;
		};
/* End PBXSourcesBuildPhase section */

/* Begin PBXTargetDependency section */
		13084AF522707FD900FA98C9 /* PBXTargetDependency */ = {
			isa = PBXTargetDependency;
			target = 13084ADE22707FD700FA98C9 /* TimeManger */;
			targetProxy = 13084AF422707FD900FA98C9 /* PBXContainerItemProxy */;
		};
/* End PBXTargetDependency section */

/* Begin PBXVariantGroup section */
		13084AE622707FD700FA98C9 /* Main.storyboard */ = {
			isa = PBXVariantGroup;
			children = (
				13084AE722707FD700FA98C9 /* Base */,
			);
			name = Main.storyboard;
			sourceTree = "<group>";
		};
		13084AEB22707FD900FA98C9 /* LaunchScreen.storyboard */ = {
			isa = PBXVariantGroup;
			children = (
				13084AEC22707FD900FA98C9 /* Base */,
			);
			name = LaunchScreen.storyboard;
			sourceTree = "<group>";
		};
/* End PBXVariantGroup section */

/* Begin XCBuildConfiguration section */
		13084AFA22707FD900FA98C9 /* Debug */ = {
			isa = XCBuildConfiguration;
			buildSettings = {
				ALWAYS_SEARCH_USER_PATHS = NO;
				CLANG_ANALYZER_NONNULL = YES;
				CLANG_ANALYZER_NUMBER_OBJECT_CONVERSION = YES_AGGRESSIVE;
				CLANG_CXX_LANGUAGE_STANDARD = "gnu++14";
				CLANG_CXX_LIBRARY = "libc++";
				CLANG_ENABLE_MODULES = YES;
				CLANG_ENABLE_OBJC_ARC = YES;
				CLANG_ENABLE_OBJC_WEAK = YES;
				CLANG_WARN_BLOCK_CAPTURE_AUTORELEASING = YES;
				CLANG_WARN_BOOL_CONVERSION = YES;
				CLANG_WARN_COMMA = YES;
				CLANG_WARN_CONSTANT_CONVERSION = YES;
				CLANG_WARN_DEPRECATED_OBJC_IMPLEMENTATIONS = YES;
				CLANG_WARN_DIRECT_OBJC_ISA_USAGE = YES_ERROR;
				CLANG_WARN_DOCUMENTATION_COMMENTS = YES;
				CLANG_WARN_EMPTY_BODY = YES;
				CLANG_WARN_ENUM_CONVERSION = YES;
				CLANG_WARN_INFINITE_RECURSION = YES;
				CLANG_WARN_INT_CONVERSION = YES;
				CLANG_WARN_NON_LITERAL_NULL_CONVERSION = YES;
				CLANG_WARN_OBJC_IMPLICIT_RETAIN_SELF = YES;
				CLANG_WARN_OBJC_LITERAL_CONVERSION = YES;
				CLANG_WARN_OBJC_ROOT_CLASS = YES_ERROR;
				CLANG_WARN_RANGE_LOOP_ANALYSIS = YES;
				CLANG_WARN_STRICT_PROTOTYPES = YES;
				CLANG_WARN_SUSPICIOUS_MOVE = YES;
				CLANG_WARN_UNGUARDED_AVAILABILITY = YES_AGGRESSIVE;
				CLANG_WARN_UNREACHABLE_CODE = YES;
				CLANG_WARN__DUPLICATE_METHOD_MATCH = YES;
				CODE_SIGN_IDENTITY = "iPhone Developer";
				COPY_PHASE_STRIP = NO;
				DEBUG_INFORMATION_FORMAT = dwarf;
				ENABLE_STRICT_OBJC_MSGSEND = YES;
				ENABLE_TESTABILITY = YES;
				GCC_C_LANGUAGE_STANDARD = gnu11;
				GCC_DYNAMIC_NO_PIC = NO;
				GCC_NO_COMMON_BLOCKS = YES;
				GCC_OPTIMIZATION_LEVEL = 0;
				GCC_PREPROCESSOR_DEFINITIONS = (
					"DEBUG=1",
					"$(inherited)",
				);
				GCC_WARN_64_TO_32_BIT_CONVERSION = YES;
				GCC_WARN_ABOUT_RETURN_TYPE = YES_ERROR;
				GCC_WARN_UNDECLARED_SELECTOR = YES;
				GCC_WARN_UNINITIALIZED_AUTOS = YES_AGGRESSIVE;
				GCC_WARN_UNUSED_FUNCTION = YES;
				GCC_WARN_UNUSED_VARIABLE = YES;
				IPHONEOS_DEPLOYMENT_TARGET = 12.1;
				MTL_ENABLE_DEBUG_INFO = INCLUDE_SOURCE;
				MTL_FAST_MATH = YES;
				ONLY_ACTIVE_ARCH = YES;
				SDKROOT = iphoneos;
				SWIFT_ACTIVE_COMPILATION_CONDITIONS = DEBUG;
				SWIFT_OPTIMIZATION_LEVEL = "-Onone";
			};
			name = Debug;
		};
		13084AFB22707FD900FA98C9 /* Release */ = {
			isa = XCBuildConfiguration;
			buildSettings = {
				ALWAYS_SEARCH_USER_PATHS = NO;
				CLANG_ANALYZER_NONNULL = YES;
				CLANG_ANALYZER_NUMBER_OBJECT_CONVERSION = YES_AGGRESSIVE;
				CLANG_CXX_LANGUAGE_STANDARD = "gnu++14";
				CLANG_CXX_LIBRARY = "libc++";
				CLANG_ENABLE_MODULES = YES;
				CLANG_ENABLE_OBJC_ARC = YES;
				CLANG_ENABLE_OBJC_WEAK = YES;
				CLANG_WARN_BLOCK_CAPTURE_AUTORELEASING = YES;
				CLANG_WARN_BOOL_CONVERSION = YES;
				CLANG_WARN_COMMA = YES;
				CLANG_WARN_CONSTANT_CONVERSION = YES;
				CLANG_WARN_DEPRECATED_OBJC_IMPLEMENTATIONS = YES;
				CLANG_WARN_DIRECT_OBJC_ISA_USAGE = YES_ERROR;
				CLANG_WARN_DOCUMENTATION_COMMENTS = YES;
				CLANG_WARN_EMPTY_BODY = YES;
				CLANG_WARN_ENUM_CONVERSION = YES;
				CLANG_WARN_INFINITE_RECURSION = YES;
				CLANG_WARN_INT_CONVERSION = YES;
				CLANG_WARN_NON_LITERAL_NULL_CONVERSION = YES;
				CLANG_WARN_OBJC_IMPLICIT_RETAIN_SELF = YES;
				CLANG_WARN_OBJC_LITERAL_CONVERSION = YES;
				CLANG_WARN_OBJC_ROOT_CLASS = YES_ERROR;
				CLANG_WARN_RANGE_LOOP_ANALYSIS = YES;
				CLANG_WARN_STRICT_PROTOTYPES = YES;
				CLANG_WARN_SUSPICIOUS_MOVE = YES;
				CLANG_WARN_UNGUARDED_AVAILABILITY = YES_AGGRESSIVE;
				CLANG_WARN_UNREACHABLE_CODE = YES;
				CLANG_WARN__DUPLICATE_METHOD_MATCH = YES;
				CODE_SIGN_IDENTITY = "iPhone Developer";
				COPY_PHASE_STRIP = NO;
				DEBUG_INFORMATION_FORMAT = "dwarf-with-dsym";
				ENABLE_NS_ASSERTIONS = NO;
				ENABLE_STRICT_OBJC_MSGSEND = YES;
				GCC_C_LANGUAGE_STANDARD = gnu11;
				GCC_NO_COMMON_BLOCKS = YES;
				GCC_WARN_64_TO_32_BIT_CONVERSION = YES;
				GCC_WARN_ABOUT_RETURN_TYPE = YES_ERROR;
				GCC_WARN_UNDECLARED_SELECTOR = YES;
				GCC_WARN_UNINITIALIZED_AUTOS = YES_AGGRESSIVE;
				GCC_WARN_UNUSED_FUNCTION = YES;
				GCC_WARN_UNUSED_VARIABLE = YES;
				IPHONEOS_DEPLOYMENT_TARGET = 12.1;
				MTL_ENABLE_DEBUG_INFO = NO;
				MTL_FAST_MATH = YES;
				SDKROOT = iphoneos;
				SWIFT_COMPILATION_MODE = wholemodule;
				SWIFT_OPTIMIZATION_LEVEL = "-O";
				VALIDATE_PRODUCT = YES;
			};
			name = Release;
		};
		13084AFD22707FD900FA98C9 /* Debug */ = {
			isa = XCBuildConfiguration;
			buildSettings = {
				ASSETCATALOG_COMPILER_APPICON_NAME = AppIcon;
				CODE_SIGN_STYLE = Automatic;
				DEVELOPMENT_TEAM = K2D6DE8NGJ;
				INFOPLIST_FILE = TimeManger/Info.plist;
				LD_RUNPATH_SEARCH_PATHS = (
					"$(inherited)",
					"@executable_path/Frameworks",
				);
				PRODUCT_BUNDLE_IDENTIFIER = com.fengyiqi.TimeManger;
				PRODUCT_NAME = "$(TARGET_NAME)";
				SWIFT_VERSION = 4.2;
				TARGETED_DEVICE_FAMILY = "1,2";
			};
			name = Debug;
		};
		13084AFE22707FD900FA98C9 /* Release */ = {
			isa = XCBuildConfiguration;
			buildSettings = {
				ASSETCATALOG_COMPILER_APPICON_NAME = AppIcon;
				CODE_SIGN_STYLE = Automatic;
				DEVELOPMENT_TEAM = K2D6DE8NGJ;
				INFOPLIST_FILE = TimeManger/Info.plist;
				LD_RUNPATH_SEARCH_PATHS = (
					"$(inherited)",
					"@executable_path/Frameworks",
				);
				PRODUCT_BUNDLE_IDENTIFIER = com.fengyiqi.TimeManger;
				PRODUCT_NAME = "$(TARGET_NAME)";
				SWIFT_VERSION = 4.2;
				TARGETED_DEVICE_FAMILY = "1,2";
			};
			name = Release;
		};
		13084B0022707FD900FA98C9 /* Debug */ = {
			isa = XCBuildConfiguration;
			buildSettings = {
				ALWAYS_EMBED_SWIFT_STANDARD_LIBRARIES = YES;
				BUNDLE_LOADER = "$(TEST_HOST)";
				CODE_SIGN_STYLE = Automatic;
				DEVELOPMENT_TEAM = K2D6DE8NGJ;
				INFOPLIST_FILE = TimeMangerTests/Info.plist;
				LD_RUNPATH_SEARCH_PATHS = (
					"$(inherited)",
					"@executable_path/Frameworks",
					"@loader_path/Frameworks",
				);
				PRODUCT_BUNDLE_IDENTIFIER = com.fengyiqi.TimeMangerTests;
				PRODUCT_NAME = "$(TARGET_NAME)";
				SWIFT_VERSION = 4.2;
				TARGETED_DEVICE_FAMILY = "1,2";
				TEST_HOST = "$(BUILT_PRODUCTS_DIR)/TimeManger.app/TimeManger";
			};
			name = Debug;
		};
		13084B0122707FD900FA98C9 /* Release */ = {
			isa = XCBuildConfiguration;
			buildSettings = {
				ALWAYS_EMBED_SWIFT_STANDARD_LIBRARIES = YES;
				BUNDLE_LOADER = "$(TEST_HOST)";
				CODE_SIGN_STYLE = Automatic;
				DEVELOPMENT_TEAM = K2D6DE8NGJ;
				INFOPLIST_FILE = TimeMangerTests/Info.plist;
				LD_RUNPATH_SEARCH_PATHS = (
					"$(inherited)",
					"@executable_path/Frameworks",
					"@loader_path/Frameworks",
				);
				PRODUCT_BUNDLE_IDENTIFIER = com.fengyiqi.TimeMangerTests;
				PRODUCT_NAME = "$(TARGET_NAME)";
				SWIFT_VERSION = 4.2;
				TARGETED_DEVICE_FAMILY = "1,2";
				TEST_HOST = "$(BUILT_PRODUCTS_DIR)/TimeManger.app/TimeManger";
			};
			name = Release;
		};
/* End XCBuildConfiguration section */

/* Begin XCConfigurationList section */
		13084ADA22707FD700FA98C9 /* Build configuration list for PBXProject "TimeManger" */ = {
			isa = XCConfigurationList;
			buildConfigurations = (
				13084AFA22707FD900FA98C9 /* Debug */,
				13084AFB22707FD900FA98C9 /* Release */,
			);
			defaultConfigurationIsVisible = 0;
			defaultConfigurationName = Release;
		};
		13084AFC22707FD900FA98C9 /* Build configuration list for PBXNativeTarget "TimeManger" */ = {
			isa = XCConfigurationList;
			buildConfigurations = (
				13084AFD22707FD900FA98C9 /* Debug */,
				13084AFE22707FD900FA98C9 /* Release */,
			);
			defaultConfigurationIsVisible = 0;
			defaultConfigurationName = Release;
		};
		13084AFF22707FD900FA98C9 /* Build configuration list for PBXNativeTarget "TimeMangerTests" */ = {
			isa = XCConfigurationList;
			buildConfigurations = (
				13084B0022707FD900FA98C9 /* Debug */,
				13084B0122707FD900FA98C9 /* Release */,
			);
			defaultConfigurationIsVisible = 0;
			defaultConfigurationName = Release;
		};
/* End XCConfigurationList section */
	};
	rootObject = 13084AD722707FD700FA98C9 /* Project object */;
}
